
Microsoft Visual Studio Solution File, Format Version 12.00
# Visual Studio Version 17
VisualStudioVersion = 17.3.32819.101
MinimumVisualStudioVersion = 10.0.40219.1
Project("{FAE04EC0-301F-11D3-BF4B-00C04F79EFBC}") = "AreaRetangulo", "AreaRetangulo\AreaRetangulo.csproj", "{BE2A09ED-9CE4-457D-B4E1-FC6462DA9C7A}"
EndProject
Global
	GlobalSection(SolutionConfigurationPlatforms) = preSolution
		Debug|Any CPU = Debug|Any CPU
		Release|Any CPU = Release|Any CPU
	EndGlobalSection
	GlobalSection(ProjectConfigurationPlatforms) = postSolution
		{BE2A09ED-9CE4-457D-B4E1-FC6462DA9C7A}.Debug|Any CPU.ActiveCfg = Debug|Any CPU
		{BE2A09ED-9CE4-457D-B4E1-FC6462DA9C7A}.Debug|Any CPU.Build.0 = Debug|Any CPU
		{BE2A09ED-9CE4-457D-B4E1-FC6462DA9C7A}.Release|Any CPU.ActiveCfg = Release|Any CPU
		{BE2A09ED-9CE4-457D-B4E1-FC6462DA9C7A}.Release|Any CPU.Build.0 = Release|Any CPU
	EndGlobalSection
	GlobalSection(SolutionProperties) = preSolution
		HideSolutionNode = FALSE
	EndGlobalSection
	GlobalSection(ExtensibilityGlobals) = postSolution
		SolutionGuid = {5C443224-74B5-4EF5-9AD1-16E8A9E7F227}
	EndGlobalSection
EndGlobal
